
Microsoft Visual Studio Solution File, Format Version 12.00
# Visual Studio 2013
VisualStudioVersion = 12.0.40629.0
MinimumVisualStudioVersion = 10.0.40219.1
Project("{FAE04EC0-301F-11D3-BF4B-00C04F79EFBC}") = "FRDB-SQLite", "FRDB-SQLite\FRDB-SQLite.csproj", "{38E563FA-9A0F-4EB0-83FF-29A62BC39381}"
EndProject
Project("{2150E333-8FDC-42A3-9474-1A3956D46DE8}") = ".nuget", ".nuget", "{6291D338-58C8-4DC8-B1CA-34D05457A5DA}"
	ProjectSection(SolutionItems) = preProject
		.nuget\NuGet.Config = .nuget\NuGet.Config
		.nuget\NuGet.exe = .nuget\NuGet.exe
		.nuget\NuGet.targets = .nuget\NuGet.targets
	EndProjectSection
EndProject
Global
	GlobalSection(SolutionConfigurationPlatforms) = preSolution
		CD_ROM|Any CPU = CD_ROM|Any CPU
		Debug|Any CPU = Debug|Any CPU
		DVD-5|Any CPU = DVD-5|Any CPU
		Release|Any CPU = Release|Any CPU
		SingleImage|Any CPU = SingleImage|Any CPU
	EndGlobalSection
	GlobalSection(ProjectConfigurationPlatforms) = postSolution
		{38E563FA-9A0F-4EB0-83FF-29A62BC39381}.CD_ROM|Any CPU.ActiveCfg = Release|x86
		{38E563FA-9A0F-4EB0-83FF-29A62BC39381}.Debug|Any CPU.ActiveCfg = Debug|x86
		{38E563FA-9A0F-4EB0-83FF-29A62BC39381}.Debug|Any CPU.Build.0 = Debug|x86
		{38E563FA-9A0F-4EB0-83FF-29A62BC39381}.DVD-5|Any CPU.ActiveCfg = Debug|x86
		{38E563FA-9A0F-4EB0-83FF-29A62BC39381}.Release|Any CPU.ActiveCfg = Release|x86
		{38E563FA-9A0F-4EB0-83FF-29A62BC39381}.Release|Any CPU.Build.0 = Release|x86
		{38E563FA-9A0F-4EB0-83FF-29A62BC39381}.SingleImage|Any CPU.ActiveCfg = Release|x86
		{38E563FA-9A0F-4EB0-83FF-29A62BC39381}.SingleImage|Any CPU.Deploy.0 = Release|x86
	EndGlobalSection
	GlobalSection(SolutionProperties) = preSolution
		HideSolutionNode = FALSE
	EndGlobalSection
EndGlobal
